
Microsoft Visual Studio Solution File, Format Version 12.00
# Visual Studio Version 16
VisualStudioVersion = 16.0.30225.117
MinimumVisualStudioVersion = 10.0.40219.1
Project("{FAE04EC0-301F-11D3-BF4B-00C04F79EFBC}") = "HelloWorld", "HelloWorld\HelloWorld.csproj", "{07059750-38DE-44BE-897F-6FD56E93531B}"
EndProject
Global
	GlobalSection(SolutionConfigurationPlatforms) = preSolution
		Debug|Any CPU = Debug|Any CPU
		Release|Any CPU = Release|Any CPU
	EndGlobalSection
	GlobalSection(ProjectConfigurationPlatforms) = postSolution
		{07059750-38DE-44BE-897F-6FD56E93531B}.Debug|Any CPU.ActiveCfg = Debug|Any CPU
		{07059750-38DE-44BE-897F-6FD56E93531B}.Debug|Any CPU.Build.0 = Debug|Any CPU
		{07059750-38DE-44BE-897F-6FD56E93531B}.Release|Any CPU.ActiveCfg = Release|Any CPU
		{07059750-38DE-44BE-897F-6FD56E93531B}.Release|Any CPU.Build.0 = Release|Any CPU
	EndGlobalSection
	GlobalSection(SolutionProperties) = preSolution
		HideSolutionNode = FALSE
	EndGlobalSection
	GlobalSection(ExtensibilityGlobals) = postSolution
		SolutionGuid = {2BD59CD3-5F09-4569-849C-2FA66FCA6455}
	EndGlobalSection
EndGlobal
